# This file is automatically @generated by Cargo.
# It is not intended for manual editing.
version = 4

[[package]]
name = "api"
version = "0.1.0"

[[package]]
name = "backend"
version = "0.1.0"
dependencies = [
 "api",
 "trig-const",
]

[[package]]
name = "trig-const"
version = "0.4.0"
source = "registry+https://github.com/rust-lang/crates.io-index"
checksum = "ffec2fe2ed1e10dac46d8530afb395cae635fa02ef03d7fff1c211e94f9059fc"
